<Solution>
  <Folder Name="/Task0/">
    <Project Path="Tyuiu.VoytovichKA.Sprint6.Task0.V4.Lib/Tyuiu.VoytovichKA.Sprint6.Task0.V4.Lib.csproj" />
    <Project Path="Tyuiu.VoytovichKA.Sprint6.Task0.V4.Test/Tyuiu.VoytovichKA.Sprint6.Task0.V4.Test.csproj" />
    <Project Path="Tyuiu.VoytovichKA.Sprint6.Task0.V4/Tyuiu.VoytovichKA.Sprint6.Task0.V4.csproj" />
  </Folder>
</Solution>
