<Solution>
  <Folder Name="/Task0/">
    <Project Path="Tyuiu.VoytovichKA.Sprint6.Task0.V4.Lib/Tyuiu.VoytovichKA.Sprint6.Task0.V4.Lib.csproj" />
    <Project Path="Tyuiu.VoytovichKA.Sprint6.Task0.V4.Test/Tyuiu.VoytovichKA.Sprint6.Task0.V4.Test.csproj" />
    <Project Path="Tyuiu.VoytovichKA.Sprint6.Task0.V4/Tyuiu.VoytovichKA.Sprint6.Task0.V4.csproj" />
  </Folder>
  <Folder Name="/Task1/">
    <Project Path="Tyuiu.VoytovichKA.Sprint6.Task1.V30.Lib/Tyuiu.VoytovichKA.Sprint6.Task1.V30.Lib.csproj" Id="6b58dac5-78b8-4f5f-abaf-76bf7f1b891a" />
    <Project Path="Tyuiu.VoytovichKA.Sprint6.Task1.V30.Test/Tyuiu.VoytovichKA.Sprint6.Task1.V30.Test.csproj" Id="e7139bad-c983-4c32-8611-6c6833eaf566" />
    <Project Path="Tyuiu.VoytovichKA.Sprint6.Task1.V30/Tyuiu.VoytovichKA.Sprint6.Task1.V30.csproj" Id="9e4f5ee4-9dc7-40a0-b2ce-eeb4fde2329d" />
  </Folder>
</Solution>
